<Solution>
  <Project Path="ReadR.AppHost/ReadR.AppHost.csproj" Id="49b47c87-ca6a-4561-a9ce-48629b59c13a" />
  <Project Path="ReadR.Frontend/ReadR.Frontend.csproj" />
  <Project Path="ReadR.Serverless/ReadR.Serverless.csproj" Id="b8d626b2-755f-44e1-92c9-13a4b7495f3d" />
  <Project Path="ReadR.ServiceDefaults/ReadR.ServiceDefaults.csproj" />
</Solution>
